
Microsoft Visual Studio Solution File, Format Version 12.00
# Visual Studio Version 16
VisualStudioVersion = 16.0.31702.278
MinimumVisualStudioVersion = 10.0.40219.1
Project("{9A19103F-16F7-4668-BE54-9A1E7A4F7556}") = "CovidCases", "CovidCases\CovidCases.csproj", "{D1E44BBE-EC0A-47D8-B3D9-0C82D1D3CAA0}"
EndProject
Project("{FAE04EC0-301F-11D3-BF4B-00C04F79EFBC}") = "CovidDataGetScheduler", "CovidDataGetScheduler\CovidDataGetScheduler.csproj", "{0CC6A8B6-A302-45EE-A122-C1C68D7CFE4E}"
EndProject
Global
	GlobalSection(SolutionConfigurationPlatforms) = preSolution
		Debug|Any CPU = Debug|Any CPU
		Release|Any CPU = Release|Any CPU
	EndGlobalSection
	GlobalSection(ProjectConfigurationPlatforms) = postSolution
		{D1E44BBE-EC0A-47D8-B3D9-0C82D1D3CAA0}.Debug|Any CPU.ActiveCfg = Debug|Any CPU
		{D1E44BBE-EC0A-47D8-B3D9-0C82D1D3CAA0}.Debug|Any CPU.Build.0 = Debug|Any CPU
		{D1E44BBE-EC0A-47D8-B3D9-0C82D1D3CAA0}.Release|Any CPU.ActiveCfg = Release|Any CPU
		{D1E44BBE-EC0A-47D8-B3D9-0C82D1D3CAA0}.Release|Any CPU.Build.0 = Release|Any CPU
		{0CC6A8B6-A302-45EE-A122-C1C68D7CFE4E}.Debug|Any CPU.ActiveCfg = Debug|Any CPU
		{0CC6A8B6-A302-45EE-A122-C1C68D7CFE4E}.Debug|Any CPU.Build.0 = Debug|Any CPU
		{0CC6A8B6-A302-45EE-A122-C1C68D7CFE4E}.Release|Any CPU.ActiveCfg = Release|Any CPU
		{0CC6A8B6-A302-45EE-A122-C1C68D7CFE4E}.Release|Any CPU.Build.0 = Release|Any CPU
	EndGlobalSection
	GlobalSection(SolutionProperties) = preSolution
		HideSolutionNode = FALSE
	EndGlobalSection
	GlobalSection(ExtensibilityGlobals) = postSolution
		SolutionGuid = {33B39B8B-48D0-4DBB-92D4-49CBFC0E94A4}
	EndGlobalSection
EndGlobal
